
Microsoft Visual Studio Solution File, Format Version 12.00
# Visual Studio Version 17
VisualStudioVersion = 17.13.35919.96 d17.13
MinimumVisualStudioVersion = 10.0.40219.1
Project("{8BC9CEB8-8B4A-11D0-8D11-00A0C91BC942}") = "ZenPlayer", "ZenPlayer\ZenPlayer.vcxproj", "{EE451307-730A-43A2-8384-C021ED6E7536}"
EndProject
Global
	GlobalSection(SolutionConfigurationPlatforms) = preSolution
		Debug|x64 = Debug|x64
		Release|x64 = Release|x64
	EndGlobalSection
	GlobalSection(ProjectConfigurationPlatforms) = postSolution
		{EE451307-730A-43A2-8384-C021ED6E7536}.Debug|x64.ActiveCfg = Debug|x64
		{EE451307-730A-43A2-8384-C021ED6E7536}.Debug|x64.Build.0 = Debug|x64
		{EE451307-730A-43A2-8384-C021ED6E7536}.Release|x64.ActiveCfg = Release|x64
		{EE451307-730A-43A2-8384-C021ED6E7536}.Release|x64.Build.0 = Release|x64
	EndGlobalSection
	GlobalSection(SolutionProperties) = preSolution
		HideSolutionNode = FALSE
	EndGlobalSection
	GlobalSection(ExtensibilityGlobals) = postSolution
		SolutionGuid = {8BC9B0F6-33AB-4EF8-9E46-5846D3156EA0}
	EndGlobalSection
EndGlobal
